
Microsoft Visual Studio Solution File, Format Version 12.00
# Visual Studio Version 17
VisualStudioVersion = 17.5.002.0
MinimumVisualStudioVersion = 10.0.40219.1
Project("{9A19103F-16F7-4668-BE54-9A1E7A4F7556}") = "Hester_Project_Part3", "Hester_Project_Part3.csproj", "{465AC0D9-BA84-46E6-98B8-9CF7156DB290}"
EndProject
Global
	GlobalSection(SolutionConfigurationPlatforms) = preSolution
		Debug|Any CPU = Debug|Any CPU
		Release|Any CPU = Release|Any CPU
	EndGlobalSection
	GlobalSection(ProjectConfigurationPlatforms) = postSolution
		{465AC0D9-BA84-46E6-98B8-9CF7156DB290}.Debug|Any CPU.ActiveCfg = Debug|Any CPU
		{465AC0D9-BA84-46E6-98B8-9CF7156DB290}.Debug|Any CPU.Build.0 = Debug|Any CPU
		{465AC0D9-BA84-46E6-98B8-9CF7156DB290}.Release|Any CPU.ActiveCfg = Release|Any CPU
		{465AC0D9-BA84-46E6-98B8-9CF7156DB290}.Release|Any CPU.Build.0 = Release|Any CPU
	EndGlobalSection
	GlobalSection(SolutionProperties) = preSolution
		HideSolutionNode = FALSE
	EndGlobalSection
	GlobalSection(ExtensibilityGlobals) = postSolution
		SolutionGuid = {44C3BB27-46CD-4BD1-A3EC-2243C1933AB8}
	EndGlobalSection
EndGlobal
